
Microsoft Visual Studio Solution File, Format Version 12.00
# Visual Studio Version 16
VisualStudioVersion = 16.0.29806.167
MinimumVisualStudioVersion = 10.0.40219.1
Project("{FAE04EC0-301F-11D3-BF4B-00C04F79EFBC}") = "TestService", "TestService\TestService.csproj", "{98F78433-CAAC-451C-B4D2-573641B5CDA1}"
EndProject
Project("{FAE04EC0-301F-11D3-BF4B-00C04F79EFBC}") = "InstallServiceTool", "InstallServiceTool\InstallServiceTool.csproj", "{E8B8B47E-04EB-4384-A41C-E60A6AE9108C}"
EndProject
Global
	GlobalSection(SolutionConfigurationPlatforms) = preSolution
		Debug|Any CPU = Debug|Any CPU
		Release|Any CPU = Release|Any CPU
	EndGlobalSection
	GlobalSection(ProjectConfigurationPlatforms) = postSolution
		{98F78433-CAAC-451C-B4D2-573641B5CDA1}.Debug|Any CPU.ActiveCfg = Debug|Any CPU
		{98F78433-CAAC-451C-B4D2-573641B5CDA1}.Debug|Any CPU.Build.0 = Debug|Any CPU
		{98F78433-CAAC-451C-B4D2-573641B5CDA1}.Release|Any CPU.ActiveCfg = Release|Any CPU
		{98F78433-CAAC-451C-B4D2-573641B5CDA1}.Release|Any CPU.Build.0 = Release|Any CPU
		{E8B8B47E-04EB-4384-A41C-E60A6AE9108C}.Debug|Any CPU.ActiveCfg = Debug|Any CPU
		{E8B8B47E-04EB-4384-A41C-E60A6AE9108C}.Debug|Any CPU.Build.0 = Debug|Any CPU
		{E8B8B47E-04EB-4384-A41C-E60A6AE9108C}.Release|Any CPU.ActiveCfg = Release|Any CPU
		{E8B8B47E-04EB-4384-A41C-E60A6AE9108C}.Release|Any CPU.Build.0 = Release|Any CPU
	EndGlobalSection
	GlobalSection(SolutionProperties) = preSolution
		HideSolutionNode = FALSE
	EndGlobalSection
	GlobalSection(ExtensibilityGlobals) = postSolution
		SolutionGuid = {F35DED7A-176B-4650-ACFA-62E0FD51EE0A}
	EndGlobalSection
EndGlobal
